// !$*UTF8*$!
{
	archiveVersion = 1;
	classes = {
	};
	objectVersion = 77;
	objects = {

/* Begin PBXBuildFile section */
		0D0A96EC2E66620800B71355 /* UalaCities.framework in Frameworks */ = {isa = PBXBuildFile; fileRef = 0D0A96E32E66620800B71355 /* UalaCities.framework */; };
		0D0A96F62E66620800B71355 /* UalaCities.framework in Frameworks */ = {isa = PBXBuildFile; fileRef = 0D0A96E32E66620800B71355 /* UalaCities.framework */; };
		0D0A96F72E66620800B71355 /* UalaCities.framework in Embed Frameworks */ = {isa = PBXBuildFile; fileRef = 0D0A96E32E66620800B71355 /* UalaCities.framework */; settings = {ATTRIBUTES = (CodeSignOnCopy, RemoveHeadersOnCopy, ); }; };
		0D0A97072E66627000B71355 /* UalaCities.framework in Frameworks */ = {isa = PBXBuildFile; fileRef = 0D0A96E32E66620800B71355 /* UalaCities.framework */; };
/* End PBXBuildFile section */

/* Begin PBXContainerItemProxy section */
		0D0A96ED2E66620800B71355 /* PBXContainerItemProxy */ = {
			isa = PBXContainerItemProxy;
			containerPortal = 0D0A96C82E6661E000B71355 /* Project object */;
			proxyType = 1;
			remoteGlobalIDString = 0D0A96E22E66620800B71355;
			remoteInfo = UalaCities;
		};
		0D0A96EF2E66620800B71355 /* PBXContainerItemProxy */ = {
			isa = PBXContainerItemProxy;
			containerPortal = 0D0A96C82E6661E000B71355 /* Project object */;
			proxyType = 1;
			remoteGlobalIDString = 0D0A96CF2E6661E000B71355;
			remoteInfo = UalaCitiesiOSApp;
		};
		0D0A96F42E66620800B71355 /* PBXContainerItemProxy */ = {
			isa = PBXContainerItemProxy;
			containerPortal = 0D0A96C82E6661E000B71355 /* Project object */;
			proxyType = 1;
			remoteGlobalIDString = 0D0A96E22E66620800B71355;
			remoteInfo = UalaCities;
		};
		0D0A97082E66627000B71355 /* PBXContainerItemProxy */ = {
			isa = PBXContainerItemProxy;
			containerPortal = 0D0A96C82E6661E000B71355 /* Project object */;
			proxyType = 1;
			remoteGlobalIDString = 0D0A96E22E66620800B71355;
			remoteInfo = UalaCities;
		};
		0D0A97442E666D1D00B71355 /* PBXContainerItemProxy */ = {
			isa = PBXContainerItemProxy;
			containerPortal = 0D0A96C82E6661E000B71355 /* Project object */;
			proxyType = 1;
			remoteGlobalIDString = 0D0A96CF2E6661E000B71355;
			remoteInfo = UalaCitiesiOSApp;
		};
/* End PBXContainerItemProxy section */

/* Begin PBXCopyFilesBuildPhase section */
		0D0A96FB2E66620800B71355 /* Embed Frameworks */ = {
			isa = PBXCopyFilesBuildPhase;
			buildActionMask = 2147483647;
			dstPath = "";
			dstSubfolderSpec = 10;
			files = (
				0D0A96F72E66620800B71355 /* UalaCities.framework in Embed Frameworks */,
			);
			name = "Embed Frameworks";
			runOnlyForDeploymentPostprocessing = 0;
		};
/* End PBXCopyFilesBuildPhase section */

/* Begin PBXFileReference section */
		0D0A96D02E6661E000B71355 /* UalaCitiesiOSApp.app */ = {isa = PBXFileReference; explicitFileType = wrapper.application; includeInIndex = 0; path = UalaCitiesiOSApp.app; sourceTree = BUILT_PRODUCTS_DIR; };
		0D0A96E32E66620800B71355 /* UalaCities.framework */ = {isa = PBXFileReference; explicitFileType = wrapper.framework; includeInIndex = 0; path = UalaCities.framework; sourceTree = BUILT_PRODUCTS_DIR; };
		0D0A96EB2E66620800B71355 /* UalaCitiesTests.xctest */ = {isa = PBXFileReference; explicitFileType = wrapper.cfbundle; includeInIndex = 0; path = UalaCitiesTests.xctest; sourceTree = BUILT_PRODUCTS_DIR; };
		0D0A97032E66627000B71355 /* IntegrationTests.xctest */ = {isa = PBXFileReference; explicitFileType = wrapper.cfbundle; includeInIndex = 0; path = IntegrationTests.xctest; sourceTree = BUILT_PRODUCTS_DIR; };
		0D0A97202E66634600B71355 /* UalaCities.xctestplan */ = {isa = PBXFileReference; lastKnownFileType = text; path = UalaCities.xctestplan; sourceTree = "<group>"; };
		0D0A973E2E666D1D00B71355 /* UITests.xctest */ = {isa = PBXFileReference; explicitFileType = wrapper.cfbundle; includeInIndex = 0; path = UITests.xctest; sourceTree = BUILT_PRODUCTS_DIR; };
		0D0A974B2E6673F800B71355 /* UITests.xctestplan */ = {isa = PBXFileReference; lastKnownFileType = text; path = UITests.xctestplan; sourceTree = "<group>"; };
/* End PBXFileReference section */

/* Begin PBXFileSystemSynchronizedRootGroup section */
		0D0A96D22E6661E000B71355 /* UalaCitiesiOSApp */ = {
			isa = PBXFileSystemSynchronizedRootGroup;
			path = UalaCitiesiOSApp;
			sourceTree = "<group>";
		};
		0D0A96E42E66620800B71355 /* UalaCities */ = {
			isa = PBXFileSystemSynchronizedRootGroup;
			path = UalaCities;
			sourceTree = "<group>";
		};
		0D0A96F12E66620800B71355 /* UalaCitiesTests */ = {
			isa = PBXFileSystemSynchronizedRootGroup;
			path = UalaCitiesTests;
			sourceTree = "<group>";
		};
		0D0A97042E66627000B71355 /* IntegrationTests */ = {
			isa = PBXFileSystemSynchronizedRootGroup;
			path = IntegrationTests;
			sourceTree = "<group>";
		};
		0D0A973F2E666D1D00B71355 /* UITests */ = {
			isa = PBXFileSystemSynchronizedRootGroup;
			path = UITests;
			sourceTree = "<group>";
		};
/* End PBXFileSystemSynchronizedRootGroup section */

/* Begin PBXFrameworksBuildPhase section */
		0D0A96CD2E6661E000B71355 /* Frameworks */ = {
			isa = PBXFrameworksBuildPhase;
			buildActionMask = 2147483647;
			files = (
				0D0A96F62E66620800B71355 /* UalaCities.framework in Frameworks */,
			);
			runOnlyForDeploymentPostprocessing = 0;
		};
		0D0A96E02E66620800B71355 /* Frameworks */ = {
			isa = PBXFrameworksBuildPhase;
			buildActionMask = 2147483647;
			files = (
			);
			runOnlyForDeploymentPostprocessing = 0;
		};
		0D0A96E82E66620800B71355 /* Frameworks */ = {
			isa = PBXFrameworksBuildPhase;
			buildActionMask = 2147483647;
			files = (
				0D0A96EC2E66620800B71355 /* UalaCities.framework in Frameworks */,
			);
			runOnlyForDeploymentPostprocessing = 0;
		};
		0D0A97002E66627000B71355 /* Frameworks */ = {
			isa = PBXFrameworksBuildPhase;
			buildActionMask = 2147483647;
			files = (
				0D0A97072E66627000B71355 /* UalaCities.framework in Frameworks */,
			);
			runOnlyForDeploymentPostprocessing = 0;
		};
		0D0A973B2E666D1D00B71355 /* Frameworks */ = {
			isa = PBXFrameworksBuildPhase;
			buildActionMask = 2147483647;
			files = (
			);
			runOnlyForDeploymentPostprocessing = 0;
		};
/* End PBXFrameworksBuildPhase section */

/* Begin PBXGroup section */
		0D0A96C72E6661E000B71355 = {
			isa = PBXGroup;
			children = (
				0D0A974B2E6673F800B71355 /* UITests.xctestplan */,
				0D0A97202E66634600B71355 /* UalaCities.xctestplan */,
				0D0A96D22E6661E000B71355 /* UalaCitiesiOSApp */,
				0D0A96E42E66620800B71355 /* UalaCities */,
				0D0A96F12E66620800B71355 /* UalaCitiesTests */,
				0D0A97042E66627000B71355 /* IntegrationTests */,
				0D0A973F2E666D1D00B71355 /* UITests */,
				0D0A96D12E6661E000B71355 /* Products */,
			);
			sourceTree = "<group>";
		};
		0D0A96D12E6661E000B71355 /* Products */ = {
			isa = PBXGroup;
			children = (
				0D0A96D02E6661E000B71355 /* UalaCitiesiOSApp.app */,
				0D0A96E32E66620800B71355 /* UalaCities.framework */,
				0D0A96EB2E66620800B71355 /* UalaCitiesTests.xctest */,
				0D0A97032E66627000B71355 /* IntegrationTests.xctest */,
				0D0A973E2E666D1D00B71355 /* UITests.xctest */,
			);
			name = Products;
			sourceTree = "<group>";
		};
/* End PBXGroup section */

/* Begin PBXHeadersBuildPhase section */
		0D0A96DE2E66620800B71355 /* Headers */ = {
			isa = PBXHeadersBuildPhase;
			buildActionMask = 2147483647;
			files = (
			);
			runOnlyForDeploymentPostprocessing = 0;
		};
/* End PBXHeadersBuildPhase section */

/* Begin PBXNativeTarget section */
		0D0A96CF2E6661E000B71355 /* UalaCitiesiOSApp */ = {
			isa = PBXNativeTarget;
			buildConfigurationList = 0D0A96DB2E6661E100B71355 /* Build configuration list for PBXNativeTarget "UalaCitiesiOSApp" */;
			buildPhases = (
				0D0A96CC2E6661E000B71355 /* Sources */,
				0D0A96CD2E6661E000B71355 /* Frameworks */,
				0D0A96CE2E6661E000B71355 /* Resources */,
				0D0A96FB2E66620800B71355 /* Embed Frameworks */,
			);
			buildRules = (
			);
			dependencies = (
				0D0A96F52E66620800B71355 /* PBXTargetDependency */,
			);
			fileSystemSynchronizedGroups = (
				0D0A96D22E6661E000B71355 /* UalaCitiesiOSApp */,
			);
			name = UalaCitiesiOSApp;
			packageProductDependencies = (
			);
			productName = UalaCities;
			productReference = 0D0A96D02E6661E000B71355 /* UalaCitiesiOSApp.app */;
			productType = "com.apple.product-type.application";
		};
		0D0A96E22E66620800B71355 /* UalaCities */ = {
			isa = PBXNativeTarget;
			buildConfigurationList = 0D0A96F82E66620800B71355 /* Build configuration list for PBXNativeTarget "UalaCities" */;
			buildPhases = (
				0D0A96DE2E66620800B71355 /* Headers */,
				0D0A96DF2E66620800B71355 /* Sources */,
				0D0A96E02E66620800B71355 /* Frameworks */,
				0D0A96E12E66620800B71355 /* Resources */,
			);
			buildRules = (
			);
			dependencies = (
			);
			fileSystemSynchronizedGroups = (
				0D0A96E42E66620800B71355 /* UalaCities */,
			);
			name = UalaCities;
			packageProductDependencies = (
			);
			productName = UalaCities;
			productReference = 0D0A96E32E66620800B71355 /* UalaCities.framework */;
			productType = "com.apple.product-type.framework";
		};
		0D0A96EA2E66620800B71355 /* UalaCitiesTests */ = {
			isa = PBXNativeTarget;
			buildConfigurationList = 0D0A96FC2E66620800B71355 /* Build configuration list for PBXNativeTarget "UalaCitiesTests" */;
			buildPhases = (
				0D0A96E72E66620800B71355 /* Sources */,
				0D0A96E82E66620800B71355 /* Frameworks */,
				0D0A96E92E66620800B71355 /* Resources */,
			);
			buildRules = (
			);
			dependencies = (
				0D0A96EE2E66620800B71355 /* PBXTargetDependency */,
				0D0A96F02E66620800B71355 /* PBXTargetDependency */,
			);
			fileSystemSynchronizedGroups = (
				0D0A96F12E66620800B71355 /* UalaCitiesTests */,
			);
			name = UalaCitiesTests;
			packageProductDependencies = (
			);
			productName = UalaCitiesTests;
			productReference = 0D0A96EB2E66620800B71355 /* UalaCitiesTests.xctest */;
			productType = "com.apple.product-type.bundle.unit-test";
		};
		0D0A97022E66627000B71355 /* IntegrationTests */ = {
			isa = PBXNativeTarget;
			buildConfigurationList = 0D0A970A2E66627000B71355 /* Build configuration list for PBXNativeTarget "IntegrationTests" */;
			buildPhases = (
				0D0A96FF2E66627000B71355 /* Sources */,
				0D0A97002E66627000B71355 /* Frameworks */,
				0D0A97012E66627000B71355 /* Resources */,
			);
			buildRules = (
			);
			dependencies = (
				0D0A97092E66627000B71355 /* PBXTargetDependency */,
			);
			fileSystemSynchronizedGroups = (
				0D0A97042E66627000B71355 /* IntegrationTests */,
			);
			name = IntegrationTests;
			packageProductDependencies = (
			);
			productName = IntegrationTests;
			productReference = 0D0A97032E66627000B71355 /* IntegrationTests.xctest */;
			productType = "com.apple.product-type.bundle.unit-test";
		};
		0D0A973D2E666D1D00B71355 /* UITests */ = {
			isa = PBXNativeTarget;
			buildConfigurationList = 0D0A97462E666D1D00B71355 /* Build configuration list for PBXNativeTarget "UITests" */;
			buildPhases = (
				0D0A973A2E666D1D00B71355 /* Sources */,
				0D0A973B2E666D1D00B71355 /* Frameworks */,
				0D0A973C2E666D1D00B71355 /* Resources */,
			);
			buildRules = (
			);
			dependencies = (
				0D0A97452E666D1D00B71355 /* PBXTargetDependency */,
			);
			fileSystemSynchronizedGroups = (
				0D0A973F2E666D1D00B71355 /* UITests */,
			);
			name = UITests;
			packageProductDependencies = (
			);
			productName = UITests;
			productReference = 0D0A973E2E666D1D00B71355 /* UITests.xctest */;
			productType = "com.apple.product-type.bundle.ui-testing";
		};
/* End PBXNativeTarget section */

/* Begin PBXProject section */
		0D0A96C82E6661E000B71355 /* Project object */ = {
			isa = PBXProject;
			attributes = {
				BuildIndependentTargetsInParallel = 1;
				LastSwiftUpdateCheck = 1640;
				LastUpgradeCheck = 1640;
				TargetAttributes = {
					0D0A96CF2E6661E000B71355 = {
						CreatedOnToolsVersion = 16.4;
					};
					0D0A96E22E66620800B71355 = {
						CreatedOnToolsVersion = 16.4;
					};
					0D0A96EA2E66620800B71355 = {
						CreatedOnToolsVersion = 16.4;
					};
					0D0A97022E66627000B71355 = {
						CreatedOnToolsVersion = 16.4;
					};
					0D0A973D2E666D1D00B71355 = {
						CreatedOnToolsVersion = 16.4;
						TestTargetID = 0D0A96CF2E6661E000B71355;
					};
				};
			};
			buildConfigurationList = 0D0A96CB2E6661E000B71355 /* Build configuration list for PBXProject "UalaCities" */;
			developmentRegion = en;
			hasScannedForEncodings = 0;
			knownRegions = (
				en,
				Base,
			);
			mainGroup = 0D0A96C72E6661E000B71355;
			minimizedProjectReferenceProxies = 1;
			preferredProjectObjectVersion = 77;
			productRefGroup = 0D0A96D12E6661E000B71355 /* Products */;
			projectDirPath = "";
			projectRoot = "";
			targets = (
				0D0A96CF2E6661E000B71355 /* UalaCitiesiOSApp */,
				0D0A96E22E66620800B71355 /* UalaCities */,
				0D0A96EA2E66620800B71355 /* UalaCitiesTests */,
				0D0A97022E66627000B71355 /* IntegrationTests */,
				0D0A973D2E666D1D00B71355 /* UITests */,
			);
		};
/* End PBXProject section */

/* Begin PBXResourcesBuildPhase section */
		0D0A96CE2E6661E000B71355 /* Resources */ = {
			isa = PBXResourcesBuildPhase;
			buildActionMask = 2147483647;
			files = (
			);
			runOnlyForDeploymentPostprocessing = 0;
		};
		0D0A96E12E66620800B71355 /* Resources */ = {
			isa = PBXResourcesBuildPhase;
			buildActionMask = 2147483647;
			files = (
			);
			runOnlyForDeploymentPostprocessing = 0;
		};
		0D0A96E92E66620800B71355 /* Resources */ = {
			isa = PBXResourcesBuildPhase;
			buildActionMask = 2147483647;
			files = (
			);
			runOnlyForDeploymentPostprocessing = 0;
		};
		0D0A97012E66627000B71355 /* Resources */ = {
			isa = PBXResourcesBuildPhase;
			buildActionMask = 2147483647;
			files = (
			);
			runOnlyForDeploymentPostprocessing = 0;
		};
		0D0A973C2E666D1D00B71355 /* Resources */ = {
			isa = PBXResourcesBuildPhase;
			buildActionMask = 2147483647;
			files = (
			);
			runOnlyForDeploymentPostprocessing = 0;
		};
/* End PBXResourcesBuildPhase section */

/* Begin PBXSourcesBuildPhase section */
		0D0A96CC2E6661E000B71355 /* Sources */ = {
			isa = PBXSourcesBuildPhase;
			buildActionMask = 2147483647;
			files = (
			);
			runOnlyForDeploymentPostprocessing = 0;
		};
		0D0A96DF2E66620800B71355 /* Sources */ = {
			isa = PBXSourcesBuildPhase;
			buildActionMask = 2147483647;
			files = (
			);
			runOnlyForDeploymentPostprocessing = 0;
		};
		0D0A96E72E66620800B71355 /* Sources */ = {
			isa = PBXSourcesBuildPhase;
			buildActionMask = 2147483647;
			files = (
			);
			runOnlyForDeploymentPostprocessing = 0;
		};
		0D0A96FF2E66627000B71355 /* Sources */ = {
			isa = PBXSourcesBuildPhase;
			buildActionMask = 2147483647;
			files = (
			);
			runOnlyForDeploymentPostprocessing = 0;
		};
		0D0A973A2E666D1D00B71355 /* Sources */ = {
			isa = PBXSourcesBuildPhase;
			buildActionMask = 2147483647;
			files = (
			);
			runOnlyForDeploymentPostprocessing = 0;
		};
/* End PBXSourcesBuildPhase section */

/* Begin PBXTargetDependency section */
		0D0A96EE2E66620800B71355 /* PBXTargetDependency */ = {
			isa = PBXTargetDependency;
			target = 0D0A96E22E66620800B71355 /* UalaCities */;
			targetProxy = 0D0A96ED2E66620800B71355 /* PBXContainerItemProxy */;
		};
		0D0A96F02E66620800B71355 /* PBXTargetDependency */ = {
			isa = PBXTargetDependency;
			target = 0D0A96CF2E6661E000B71355 /* UalaCitiesiOSApp */;
			targetProxy = 0D0A96EF2E66620800B71355 /* PBXContainerItemProxy */;
		};
		0D0A96F52E66620800B71355 /* PBXTargetDependency */ = {
			isa = PBXTargetDependency;
			target = 0D0A96E22E66620800B71355 /* UalaCities */;
			targetProxy = 0D0A96F42E66620800B71355 /* PBXContainerItemProxy */;
		};
		0D0A97092E66627000B71355 /* PBXTargetDependency */ = {
			isa = PBXTargetDependency;
			target = 0D0A96E22E66620800B71355 /* UalaCities */;
			targetProxy = 0D0A97082E66627000B71355 /* PBXContainerItemProxy */;
		};
		0D0A97452E666D1D00B71355 /* PBXTargetDependency */ = {
			isa = PBXTargetDependency;
			target = 0D0A96CF2E6661E000B71355 /* UalaCitiesiOSApp */;
			targetProxy = 0D0A97442E666D1D00B71355 /* PBXContainerItemProxy */;
		};
/* End PBXTargetDependency section */

/* Begin XCBuildConfiguration section */
		0D0A96D92E6661E100B71355 /* Debug */ = {
			isa = XCBuildConfiguration;
			buildSettings = {
				ALWAYS_SEARCH_USER_PATHS = NO;
				ASSETCATALOG_COMPILER_GENERATE_SWIFT_ASSET_SYMBOL_EXTENSIONS = YES;
				CLANG_ANALYZER_NONNULL = YES;
				CLANG_ANALYZER_NUMBER_OBJECT_CONVERSION = YES_AGGRESSIVE;
				CLANG_CXX_LANGUAGE_STANDARD = "gnu++20";
				CLANG_ENABLE_MODULES = YES;
				CLANG_ENABLE_OBJC_ARC = YES;
				CLANG_ENABLE_OBJC_WEAK = YES;
				CLANG_WARN_BLOCK_CAPTURE_AUTORELEASING = YES;
				CLANG_WARN_BOOL_CONVERSION = YES;
				CLANG_WARN_COMMA = YES;
				CLANG_WARN_CONSTANT_CONVERSION = YES;
				CLANG_WARN_DEPRECATED_OBJC_IMPLEMENTATIONS = YES;
				CLANG_WARN_DIRECT_OBJC_ISA_USAGE = YES_ERROR;
				CLANG_WARN_DOCUMENTATION_COMMENTS = YES;
				CLANG_WARN_EMPTY_BODY = YES;
				CLANG_WARN_ENUM_CONVERSION = YES;
				CLANG_WARN_INFINITE_RECURSION = YES;
				CLANG_WARN_INT_CONVERSION = YES;
				CLANG_WARN_NON_LITERAL_NULL_CONVERSION = YES;
				CLANG_WARN_OBJC_IMPLICIT_RETAIN_SELF = YES;
				CLANG_WARN_OBJC_LITERAL_CONVERSION = YES;
				CLANG_WARN_OBJC_ROOT_CLASS = YES_ERROR;
				CLANG_WARN_QUOTED_INCLUDE_IN_FRAMEWORK_HEADER = YES;
				CLANG_WARN_RANGE_LOOP_ANALYSIS = YES;
				CLANG_WARN_STRICT_PROTOTYPES = YES;
				CLANG_WARN_SUSPICIOUS_MOVE = YES;
				CLANG_WARN_UNGUARDED_AVAILABILITY = YES_AGGRESSIVE;
				CLANG_WARN_UNREACHABLE_CODE = YES;
				CLANG_WARN__DUPLICATE_METHOD_MATCH = YES;
				COPY_PHASE_STRIP = NO;
				DEBUG_INFORMATION_FORMAT = dwarf;
				DEVELOPMENT_TEAM = RWNZ67U9C8;
				ENABLE_STRICT_OBJC_MSGSEND = YES;
				ENABLE_TESTABILITY = YES;
				ENABLE_USER_SCRIPT_SANDBOXING = YES;
				GCC_C_LANGUAGE_STANDARD = gnu17;
				GCC_DYNAMIC_NO_PIC = NO;
				GCC_NO_COMMON_BLOCKS = YES;
				GCC_OPTIMIZATION_LEVEL = 0;
				GCC_PREPROCESSOR_DEFINITIONS = (
					"DEBUG=1",
					"$(inherited)",
				);
				GCC_WARN_64_TO_32_BIT_CONVERSION = YES;
				GCC_WARN_ABOUT_RETURN_TYPE = YES_ERROR;
				GCC_WARN_UNDECLARED_SELECTOR = YES;
				GCC_WARN_UNINITIALIZED_AUTOS = YES_AGGRESSIVE;
				GCC_WARN_UNUSED_FUNCTION = YES;
				GCC_WARN_UNUSED_VARIABLE = YES;
				IPHONEOS_DEPLOYMENT_TARGET = 18.5;
				LOCALIZATION_PREFERS_STRING_CATALOGS = YES;
				MTL_ENABLE_DEBUG_INFO = INCLUDE_SOURCE;
				MTL_FAST_MATH = YES;
				ONLY_ACTIVE_ARCH = YES;
				SDKROOT = iphoneos;
				SWIFT_ACTIVE_COMPILATION_CONDITIONS = "DEBUG $(inherited)";
				SWIFT_OPTIMIZATION_LEVEL = "-Onone";
			};
			name = Debug;
		};
		0D0A96DA2E6661E100B71355 /* Release */ = {
			isa = XCBuildConfiguration;
			buildSettings = {
				ALWAYS_SEARCH_USER_PATHS = NO;
				ASSETCATALOG_COMPILER_GENERATE_SWIFT_ASSET_SYMBOL_EXTENSIONS = YES;
				CLANG_ANALYZER_NONNULL = YES;
				CLANG_ANALYZER_NUMBER_OBJECT_CONVERSION = YES_AGGRESSIVE;
				CLANG_CXX_LANGUAGE_STANDARD = "gnu++20";
				CLANG_ENABLE_MODULES = YES;
				CLANG_ENABLE_OBJC_ARC = YES;
				CLANG_ENABLE_OBJC_WEAK = YES;
				CLANG_WARN_BLOCK_CAPTURE_AUTORELEASING = YES;
				CLANG_WARN_BOOL_CONVERSION = YES;
				CLANG_WARN_COMMA = YES;
				CLANG_WARN_CONSTANT_CONVERSION = YES;
				CLANG_WARN_DEPRECATED_OBJC_IMPLEMENTATIONS = YES;
				CLANG_WARN_DIRECT_OBJC_ISA_USAGE = YES_ERROR;
				CLANG_WARN_DOCUMENTATION_COMMENTS = YES;
				CLANG_WARN_EMPTY_BODY = YES;
				CLANG_WARN_ENUM_CONVERSION = YES;
				CLANG_WARN_INFINITE_RECURSION = YES;
				CLANG_WARN_INT_CONVERSION = YES;
				CLANG_WARN_NON_LITERAL_NULL_CONVERSION = YES;
				CLANG_WARN_OBJC_IMPLICIT_RETAIN_SELF = YES;
				CLANG_WARN_OBJC_LITERAL_CONVERSION = YES;
				CLANG_WARN_OBJC_ROOT_CLASS = YES_ERROR;
				CLANG_WARN_QUOTED_INCLUDE_IN_FRAMEWORK_HEADER = YES;
				CLANG_WARN_RANGE_LOOP_ANALYSIS = YES;
				CLANG_WARN_STRICT_PROTOTYPES = YES;
				CLANG_WARN_SUSPICIOUS_MOVE = YES;
				CLANG_WARN_UNGUARDED_AVAILABILITY = YES_AGGRESSIVE;
				CLANG_WARN_UNREACHABLE_CODE = YES;
				CLANG_WARN__DUPLICATE_METHOD_MATCH = YES;
				COPY_PHASE_STRIP = NO;
				DEBUG_INFORMATION_FORMAT = "dwarf-with-dsym";
				DEVELOPMENT_TEAM = RWNZ67U9C8;
				ENABLE_NS_ASSERTIONS = NO;
				ENABLE_STRICT_OBJC_MSGSEND = YES;
				ENABLE_USER_SCRIPT_SANDBOXING = YES;
				GCC_C_LANGUAGE_STANDARD = gnu17;
				GCC_NO_COMMON_BLOCKS = YES;
				GCC_WARN_64_TO_32_BIT_CONVERSION = YES;
				GCC_WARN_ABOUT_RETURN_TYPE = YES_ERROR;
				GCC_WARN_UNDECLARED_SELECTOR = YES;
				GCC_WARN_UNINITIALIZED_AUTOS = YES_AGGRESSIVE;
				GCC_WARN_UNUSED_FUNCTION = YES;
				GCC_WARN_UNUSED_VARIABLE = YES;
				IPHONEOS_DEPLOYMENT_TARGET = 18.5;
				LOCALIZATION_PREFERS_STRING_CATALOGS = YES;
				MTL_ENABLE_DEBUG_INFO = NO;
				MTL_FAST_MATH = YES;
				SDKROOT = iphoneos;
				SWIFT_COMPILATION_MODE = wholemodule;
				VALIDATE_PRODUCT = YES;
			};
			name = Release;
		};
		0D0A96DC2E6661E100B71355 /* Debug */ = {
			isa = XCBuildConfiguration;
			buildSettings = {
				ASSETCATALOG_COMPILER_APPICON_NAME = AppIcon;
				ASSETCATALOG_COMPILER_GLOBAL_ACCENT_COLOR_NAME = AccentColor;
				CODE_SIGN_STYLE = Automatic;
				CURRENT_PROJECT_VERSION = 1;
				DEVELOPMENT_TEAM = RWNZ67U9C8;
				ENABLE_PREVIEWS = YES;
				GENERATE_INFOPLIST_FILE = YES;
				INFOPLIST_KEY_UIApplicationSceneManifest_Generation = YES;
				INFOPLIST_KEY_UIApplicationSupportsIndirectInputEvents = YES;
				INFOPLIST_KEY_UILaunchScreen_Generation = YES;
				INFOPLIST_KEY_UISupportedInterfaceOrientations = UIInterfaceOrientationPortrait;
				INFOPLIST_KEY_UISupportedInterfaceOrientations_iPad = "UIInterfaceOrientationLandscapeLeft UIInterfaceOrientationLandscapeRight UIInterfaceOrientationPortrait UIInterfaceOrientationPortraitUpsideDown";
				IPHONEOS_DEPLOYMENT_TARGET = 17.0;
				LD_RUNPATH_SEARCH_PATHS = (
					"$(inherited)",
					"@executable_path/Frameworks",
				);
				MARKETING_VERSION = 1.0;
				PRODUCT_BUNDLE_IDENTIFIER = leanlinardos.UalaCitiesiOSApp;
				PRODUCT_NAME = "$(TARGET_NAME)";
				SUPPORTED_PLATFORMS = "iphoneos iphonesimulator";
				SUPPORTS_MACCATALYST = NO;
				SUPPORTS_MAC_DESIGNED_FOR_IPHONE_IPAD = NO;
				SUPPORTS_XR_DESIGNED_FOR_IPHONE_IPAD = NO;
				SWIFT_EMIT_LOC_STRINGS = YES;
				SWIFT_VERSION = 5.0;
				TARGETED_DEVICE_FAMILY = 1;
			};
			name = Debug;
		};
		0D0A96DD2E6661E100B71355 /* Release */ = {
			isa = XCBuildConfiguration;
			buildSettings = {
				ASSETCATALOG_COMPILER_APPICON_NAME = AppIcon;
				ASSETCATALOG_COMPILER_GLOBAL_ACCENT_COLOR_NAME = AccentColor;
				CODE_SIGN_STYLE = Automatic;
				CURRENT_PROJECT_VERSION = 1;
				DEVELOPMENT_TEAM = RWNZ67U9C8;
				ENABLE_PREVIEWS = YES;
				GENERATE_INFOPLIST_FILE = YES;
				INFOPLIST_KEY_UIApplicationSceneManifest_Generation = YES;
				INFOPLIST_KEY_UIApplicationSupportsIndirectInputEvents = YES;
				INFOPLIST_KEY_UILaunchScreen_Generation = YES;
				INFOPLIST_KEY_UISupportedInterfaceOrientations = UIInterfaceOrientationPortrait;
				INFOPLIST_KEY_UISupportedInterfaceOrientations_iPad = "UIInterfaceOrientationLandscapeLeft UIInterfaceOrientationLandscapeRight UIInterfaceOrientationPortrait UIInterfaceOrientationPortraitUpsideDown";
				IPHONEOS_DEPLOYMENT_TARGET = 17.0;
				LD_RUNPATH_SEARCH_PATHS = (
					"$(inherited)",
					"@executable_path/Frameworks",
				);
				MARKETING_VERSION = 1.0;
				PRODUCT_BUNDLE_IDENTIFIER = leanlinardos.UalaCitiesiOSApp;
				PRODUCT_NAME = "$(TARGET_NAME)";
				SUPPORTED_PLATFORMS = "iphoneos iphonesimulator";
				SUPPORTS_MACCATALYST = NO;
				SUPPORTS_MAC_DESIGNED_FOR_IPHONE_IPAD = NO;
				SUPPORTS_XR_DESIGNED_FOR_IPHONE_IPAD = NO;
				SWIFT_EMIT_LOC_STRINGS = YES;
				SWIFT_VERSION = 5.0;
				TARGETED_DEVICE_FAMILY = 1;
			};
			name = Release;
		};
		0D0A96F92E66620800B71355 /* Debug */ = {
			isa = XCBuildConfiguration;
			buildSettings = {
				BUILD_LIBRARY_FOR_DISTRIBUTION = YES;
				CODE_SIGN_STYLE = Automatic;
				CURRENT_PROJECT_VERSION = 1;
				DEVELOPMENT_TEAM = RWNZ67U9C8;
				DYLIB_COMPATIBILITY_VERSION = 1;
				DYLIB_CURRENT_VERSION = 1;
				DYLIB_INSTALL_NAME_BASE = "@rpath";
				ENABLE_MODULE_VERIFIER = YES;
				GENERATE_INFOPLIST_FILE = YES;
				INFOPLIST_KEY_NSHumanReadableCopyright = "";
				INSTALL_PATH = "$(LOCAL_LIBRARY_DIR)/Frameworks";
				IPHONEOS_DEPLOYMENT_TARGET = 17.0;
				LD_RUNPATH_SEARCH_PATHS = (
					"$(inherited)",
					"@executable_path/Frameworks",
					"@loader_path/Frameworks",
				);
				MARKETING_VERSION = 1.0;
				MODULE_VERIFIER_SUPPORTED_LANGUAGES = "objective-c objective-c++";
				MODULE_VERIFIER_SUPPORTED_LANGUAGE_STANDARDS = "gnu17 gnu++20";
				PRODUCT_BUNDLE_IDENTIFIER = leanlinardos.UalaCities;
				PRODUCT_NAME = "$(TARGET_NAME:c99extidentifier)";
				SKIP_INSTALL = YES;
				SUPPORTED_PLATFORMS = "iphoneos iphonesimulator";
				SUPPORTS_MACCATALYST = NO;
				SUPPORTS_MAC_DESIGNED_FOR_IPHONE_IPAD = NO;
				SUPPORTS_XR_DESIGNED_FOR_IPHONE_IPAD = NO;
				SWIFT_EMIT_LOC_STRINGS = YES;
				SWIFT_INSTALL_MODULE = YES;
				SWIFT_INSTALL_OBJC_HEADER = NO;
				SWIFT_VERSION = 5.0;
				TARGETED_DEVICE_FAMILY = 1;
				VERSIONING_SYSTEM = "apple-generic";
				VERSION_INFO_PREFIX = "";
			};
			name = Debug;
		};
		0D0A96FA2E66620800B71355 /* Release */ = {
			isa = XCBuildConfiguration;
			buildSettings = {
				BUILD_LIBRARY_FOR_DISTRIBUTION = YES;
				CODE_SIGN_STYLE = Automatic;
				CURRENT_PROJECT_VERSION = 1;
				DEVELOPMENT_TEAM = RWNZ67U9C8;
				DYLIB_COMPATIBILITY_VERSION = 1;
				DYLIB_CURRENT_VERSION = 1;
				DYLIB_INSTALL_NAME_BASE = "@rpath";
				ENABLE_MODULE_VERIFIER = YES;
				GENERATE_INFOPLIST_FILE = YES;
				INFOPLIST_KEY_NSHumanReadableCopyright = "";
				INSTALL_PATH = "$(LOCAL_LIBRARY_DIR)/Frameworks";
				IPHONEOS_DEPLOYMENT_TARGET = 17.0;
				LD_RUNPATH_SEARCH_PATHS = (
					"$(inherited)",
					"@executable_path/Frameworks",
					"@loader_path/Frameworks",
				);
				MARKETING_VERSION = 1.0;
				MODULE_VERIFIER_SUPPORTED_LANGUAGES = "objective-c objective-c++";
				MODULE_VERIFIER_SUPPORTED_LANGUAGE_STANDARDS = "gnu17 gnu++20";
				PRODUCT_BUNDLE_IDENTIFIER = leanlinardos.UalaCities;
				PRODUCT_NAME = "$(TARGET_NAME:c99extidentifier)";
				SKIP_INSTALL = YES;
				SUPPORTED_PLATFORMS = "iphoneos iphonesimulator";
				SUPPORTS_MACCATALYST = NO;
				SUPPORTS_MAC_DESIGNED_FOR_IPHONE_IPAD = NO;
				SUPPORTS_XR_DESIGNED_FOR_IPHONE_IPAD = NO;
				SWIFT_EMIT_LOC_STRINGS = YES;
				SWIFT_INSTALL_MODULE = YES;
				SWIFT_INSTALL_OBJC_HEADER = NO;
				SWIFT_VERSION = 5.0;
				TARGETED_DEVICE_FAMILY = 1;
				VERSIONING_SYSTEM = "apple-generic";
				VERSION_INFO_PREFIX = "";
			};
			name = Release;
		};
		0D0A96FD2E66620800B71355 /* Debug */ = {
			isa = XCBuildConfiguration;
			buildSettings = {
				CODE_SIGN_STYLE = Automatic;
				CURRENT_PROJECT_VERSION = 1;
				DEVELOPMENT_TEAM = RWNZ67U9C8;
				GENERATE_INFOPLIST_FILE = YES;
				IPHONEOS_DEPLOYMENT_TARGET = 17.0;
				MARKETING_VERSION = 1.0;
				PRODUCT_BUNDLE_IDENTIFIER = leanlinardos.UalaCitiesTests;
				PRODUCT_NAME = "$(TARGET_NAME)";
				SUPPORTED_PLATFORMS = "iphoneos iphonesimulator";
				SUPPORTS_MACCATALYST = NO;
				SUPPORTS_MAC_DESIGNED_FOR_IPHONE_IPAD = NO;
				SUPPORTS_XR_DESIGNED_FOR_IPHONE_IPAD = NO;
				SWIFT_EMIT_LOC_STRINGS = NO;
				SWIFT_VERSION = 5.0;
				TARGETED_DEVICE_FAMILY = 1;
			};
			name = Debug;
		};
		0D0A96FE2E66620800B71355 /* Release */ = {
			isa = XCBuildConfiguration;
			buildSettings = {
				CODE_SIGN_STYLE = Automatic;
				CURRENT_PROJECT_VERSION = 1;
				DEVELOPMENT_TEAM = RWNZ67U9C8;
				GENERATE_INFOPLIST_FILE = YES;
				IPHONEOS_DEPLOYMENT_TARGET = 17.0;
				MARKETING_VERSION = 1.0;
				PRODUCT_BUNDLE_IDENTIFIER = leanlinardos.UalaCitiesTests;
				PRODUCT_NAME = "$(TARGET_NAME)";
				SUPPORTED_PLATFORMS = "iphoneos iphonesimulator";
				SUPPORTS_MACCATALYST = NO;
				SUPPORTS_MAC_DESIGNED_FOR_IPHONE_IPAD = NO;
				SUPPORTS_XR_DESIGNED_FOR_IPHONE_IPAD = NO;
				SWIFT_EMIT_LOC_STRINGS = NO;
				SWIFT_VERSION = 5.0;
				TARGETED_DEVICE_FAMILY = 1;
			};
			name = Release;
		};
		0D0A970B2E66627000B71355 /* Debug */ = {
			isa = XCBuildConfiguration;
			buildSettings = {
				CODE_SIGN_STYLE = Automatic;
				CURRENT_PROJECT_VERSION = 1;
				DEVELOPMENT_TEAM = RWNZ67U9C8;
				GENERATE_INFOPLIST_FILE = YES;
				IPHONEOS_DEPLOYMENT_TARGET = 17.0;
				MARKETING_VERSION = 1.0;
				PRODUCT_BUNDLE_IDENTIFIER = leanlinardos.IntegrationTests;
				PRODUCT_NAME = "$(TARGET_NAME)";
				SUPPORTED_PLATFORMS = "iphoneos iphonesimulator";
				SUPPORTS_MACCATALYST = NO;
				SUPPORTS_MAC_DESIGNED_FOR_IPHONE_IPAD = NO;
				SUPPORTS_XR_DESIGNED_FOR_IPHONE_IPAD = NO;
				SWIFT_EMIT_LOC_STRINGS = NO;
				SWIFT_VERSION = 5.0;
				TARGETED_DEVICE_FAMILY = 1;
			};
			name = Debug;
		};
		0D0A970C2E66627000B71355 /* Release */ = {
			isa = XCBuildConfiguration;
			buildSettings = {
				CODE_SIGN_STYLE = Automatic;
				CURRENT_PROJECT_VERSION = 1;
				DEVELOPMENT_TEAM = RWNZ67U9C8;
				GENERATE_INFOPLIST_FILE = YES;
				IPHONEOS_DEPLOYMENT_TARGET = 17.0;
				MARKETING_VERSION = 1.0;
				PRODUCT_BUNDLE_IDENTIFIER = leanlinardos.IntegrationTests;
				PRODUCT_NAME = "$(TARGET_NAME)";
				SUPPORTED_PLATFORMS = "iphoneos iphonesimulator";
				SUPPORTS_MACCATALYST = NO;
				SUPPORTS_MAC_DESIGNED_FOR_IPHONE_IPAD = NO;
				SUPPORTS_XR_DESIGNED_FOR_IPHONE_IPAD = NO;
				SWIFT_EMIT_LOC_STRINGS = NO;
				SWIFT_VERSION = 5.0;
				TARGETED_DEVICE_FAMILY = 1;
			};
			name = Release;
		};
		0D0A97472E666D1D00B71355 /* Debug */ = {
			isa = XCBuildConfiguration;
			buildSettings = {
				CODE_SIGN_STYLE = Automatic;
				CURRENT_PROJECT_VERSION = 1;
				DEVELOPMENT_TEAM = RWNZ67U9C8;
				GENERATE_INFOPLIST_FILE = YES;
				IPHONEOS_DEPLOYMENT_TARGET = 17.0;
				MARKETING_VERSION = 1.0;
				PRODUCT_BUNDLE_IDENTIFIER = leanlinardos.UITests;
				PRODUCT_NAME = "$(TARGET_NAME)";
				SUPPORTED_PLATFORMS = "iphoneos iphonesimulator";
				SUPPORTS_MACCATALYST = NO;
				SUPPORTS_MAC_DESIGNED_FOR_IPHONE_IPAD = NO;
				SUPPORTS_XR_DESIGNED_FOR_IPHONE_IPAD = NO;
				SWIFT_EMIT_LOC_STRINGS = NO;
				SWIFT_VERSION = 5.0;
				TARGETED_DEVICE_FAMILY = 1;
				TEST_TARGET_NAME = UalaCitiesiOSApp;
			};
			name = Debug;
		};
		0D0A97482E666D1D00B71355 /* Release */ = {
			isa = XCBuildConfiguration;
			buildSettings = {
				CODE_SIGN_STYLE = Automatic;
				CURRENT_PROJECT_VERSION = 1;
				DEVELOPMENT_TEAM = RWNZ67U9C8;
				GENERATE_INFOPLIST_FILE = YES;
				IPHONEOS_DEPLOYMENT_TARGET = 17.0;
				MARKETING_VERSION = 1.0;
				PRODUCT_BUNDLE_IDENTIFIER = leanlinardos.UITests;
				PRODUCT_NAME = "$(TARGET_NAME)";
				SUPPORTED_PLATFORMS = "iphoneos iphonesimulator";
				SUPPORTS_MACCATALYST = NO;
				SUPPORTS_MAC_DESIGNED_FOR_IPHONE_IPAD = NO;
				SUPPORTS_XR_DESIGNED_FOR_IPHONE_IPAD = NO;
				SWIFT_EMIT_LOC_STRINGS = NO;
				SWIFT_VERSION = 5.0;
				TARGETED_DEVICE_FAMILY = 1;
				TEST_TARGET_NAME = UalaCitiesiOSApp;
			};
			name = Release;
		};
/* End XCBuildConfiguration section */

/* Begin XCConfigurationList section */
		0D0A96CB2E6661E000B71355 /* Build configuration list for PBXProject "UalaCities" */ = {
			isa = XCConfigurationList;
			buildConfigurations = (
				0D0A96D92E6661E100B71355 /* Debug */,
				0D0A96DA2E6661E100B71355 /* Release */,
			);
			defaultConfigurationIsVisible = 0;
			defaultConfigurationName = Release;
		};
		0D0A96DB2E6661E100B71355 /* Build configuration list for PBXNativeTarget "UalaCitiesiOSApp" */ = {
			isa = XCConfigurationList;
			buildConfigurations = (
				0D0A96DC2E6661E100B71355 /* Debug */,
				0D0A96DD2E6661E100B71355 /* Release */,
			);
			defaultConfigurationIsVisible = 0;
			defaultConfigurationName = Release;
		};
		0D0A96F82E66620800B71355 /* Build configuration list for PBXNativeTarget "UalaCities" */ = {
			isa = XCConfigurationList;
			buildConfigurations = (
				0D0A96F92E66620800B71355 /* Debug */,
				0D0A96FA2E66620800B71355 /* Release */,
			);
			defaultConfigurationIsVisible = 0;
			defaultConfigurationName = Release;
		};
		0D0A96FC2E66620800B71355 /* Build configuration list for PBXNativeTarget "UalaCitiesTests" */ = {
			isa = XCConfigurationList;
			buildConfigurations = (
				0D0A96FD2E66620800B71355 /* Debug */,
				0D0A96FE2E66620800B71355 /* Release */,
			);
			defaultConfigurationIsVisible = 0;
			defaultConfigurationName = Release;
		};
		0D0A970A2E66627000B71355 /* Build configuration list for PBXNativeTarget "IntegrationTests" */ = {
			isa = XCConfigurationList;
			buildConfigurations = (
				0D0A970B2E66627000B71355 /* Debug */,
				0D0A970C2E66627000B71355 /* Release */,
			);
			defaultConfigurationIsVisible = 0;
			defaultConfigurationName = Release;
		};
		0D0A97462E666D1D00B71355 /* Build configuration list for PBXNativeTarget "UITests" */ = {
			isa = XCConfigurationList;
			buildConfigurations = (
				0D0A97472E666D1D00B71355 /* Debug */,
				0D0A97482E666D1D00B71355 /* Release */,
			);
			defaultConfigurationIsVisible = 0;
			defaultConfigurationName = Release;
		};
/* End XCConfigurationList section */
	};
	rootObject = 0D0A96C82E6661E000B71355 /* Project object */;
}
